version = 1
revision = 3
requires-python = "==3.10.*"
resolution-markers = [
    "sys_platform == 'darwin'",
    "platform_machine == 'aarch64' and sys_platform == 'linux'",
    "(platform_machine != 'aarch64' and sys_platform == 'linux') or (sys_platform != 'darwin' and sys_platform != 'linux')",
]

[options]
exclude-newer = "0001-01-01T00:00:00Z" # This has no effect and is included for backwards compatibility when using relative exclude-newer values.
exclude-newer-span = "P3D"

[[package]]
name = "glcontext"
version = "3.0.0"
source = { registry = "https://pypi.org/simple" }
sdist = { url = "https://files.pythonhosted.org/packages/3a/80/8238a0e6e972292061176141c1028b5e670aa8c94cf4c2f819bd730d314e/glcontext-3.0.0.tar.gz", hash = "sha256:57168edcd38df2fc0d70c318edf6f7e59091fba1cd3dadb289d0aa50449211ef", size = 16422, upload-time = "2024-08-10T20:01:20.004Z" }
wheels = [
    { url = "https://files.pythonhosted.org/packages/6a/44/f605689047cca15d5e5d31c0a4b9ca87dd1d52bfabf3c3a05d70a4636c08/glcontext-3.0.0-cp310-cp310-macosx_10_9_x86_64.whl", hash = "sha256:b154c25a57e16dbb073478d0cbe2c0090649d135c4c9f87e753b6181b97ec848", size = 9329, upload-time = "2024-08-10T19:59:49.485Z" },
    { url = "https://files.pythonhosted.org/packages/10/fd/461c9e37ad50514dac82fda04a7a0aabb1a5e6b0f76476538caa4e74a25a/glcontext-3.0.0-cp310-cp310-macosx_11_0_arm64.whl", hash = "sha256:fa5a14778d13ecf4a0dd60a7825427bf6ac0383eacb3b8b1a9c23e4976aa0c8c", size = 9735, upload-time = "2024-08-10T19:59:51.329Z" },
    { url = "https://files.pythonhosted.org/packages/db/86/c879bf61d4f52d8b0cd702db5f7180b5eae8804d29a798de8da0568a64b2/glcontext-3.0.0-cp310-cp310-manylinux_2_5_i686.manylinux1_i686.manylinux_2_17_i686.manylinux2014_i686.whl", hash = "sha256:7c229290a3a33004a59799b94a50bc5e6f8addd1b5bc5039ef9e78f86d888b31", size = 50476, upload-time = "2024-08-10T19:59:52.854Z" },
    { url = "https://files.pythonhosted.org/packages/d6/c4/8b45b1c910f4a9b4df1ee3449b4c1aaa798fc25d86390e8eb2a18bc59669/glcontext-3.0.0-cp310-cp310-manylinux_2_5_x86_64.manylinux1_x86_64.manylinux_2_17_x86_64.manylinux2014_x86_64.whl", hash = "sha256:1445a03d8795113034e1f9ffa662f795df65ae69ee21b26ed3b1d66100ba3f8c", size = 51480, upload-time = "2024-08-10T19:59:54.149Z" },
    { url = "https://files.pythonhosted.org/packages/91/00/159f7df65554f30e0cc6f7fb78869e95717ed5319729f386dcc81ae9ee3d/glcontext-3.0.0-cp310-cp310-musllinux_1_2_i686.whl", hash = "sha256:09247011c09c37b8d30eca9aa24659288de2febaeaa6a817b33b1498b5ef164c", size = 44902, upload-time = "2024-08-10T19:59:55.268Z" },
    { url = "https://files.pythonhosted.org/packages/91/85/21d2b619576690d48e4967dce37fabe616aeee06b7c6a6c6ceb48d99d3ef/glcontext-3.0.0-cp310-cp310-musllinux_1_2_x86_64.whl", hash = "sha256:c8c1223f1cbcfc0b88428e1717baca829ee863ed5d88e9b5574c7ed6598249cd", size = 47035, upload-time = "2024-08-10T20:00:03.972Z" },
    { url = "https://files.pythonhosted.org/packages/5e/99/6c200c6d16b55d19dfd13bfed1ed5794e17e49ea8ccf9e4fab52e2d0e2d0/glcontext-3.0.0-cp310-cp310-win32.whl", hash = "sha256:c13dedb3636328b133c4d53c047ce69040ae784095e8f239432ad74d6f921712", size = 12218, upload-time = "2024-08-10T20:00:06.285Z" },
    { url = "https://files.pythonhosted.org/packages/93/36/8a8f25366ab80dc4e6c9ded7b21f11152bba65fd6b8c0f28641ef3e133f5/glcontext-3.0.0-cp310-cp310-win_amd64.whl", hash = "sha256:4817f4cd52c7fe5410c92ca12b6712435548918719373882ade76f8f75d80abd", size = 12973, upload-time = "2024-08-10T20:00:07.733Z" },
    { url = "https://files.pythonhosted.org/packages/ee/84/8f6ca5b8005ec58adbf51e2e6c3b5a20f234ea8f7a2e1df52835c9b23274/glcontext-3.0.0-pp310-pypy310_pp73-macosx_10_15_x86_64.whl", hash = "sha256:f4e285e5d40e7a9bafeb0651c3d8f1a7c822525dec7091e97109ba87a70dbd1e", size = 9272, upload-time = "2024-08-10T20:01:00.133Z" },
    { url = "https://files.pythonhosted.org/packages/39/a2/a0d1e7492f14727682820120062717a118f0196cda8cf6c1a6e6c4ab6d12/glcontext-3.0.0-pp310-pypy310_pp73-macosx_11_0_arm64.whl", hash = "sha256:96d1bbe62c5bc5315ca2f84a2abae6fa7b7d645dd368415a0cd1ee5ba6f3f8f7", size = 9581, upload-time = "2024-08-10T20:01:01.098Z" },
    { url = "https://files.pythonhosted.org/packages/07/ba/2f093542218c9c38b293df0f501509fdfeb5dad975135a5467431aa9a774/glcontext-3.0.0-pp310-pypy310_pp73-manylinux_2_5_i686.manylinux1_i686.manylinux_2_17_i686.manylinux2014_i686.whl", hash = "sha256:3a190b1cdb39110c7b56c33857dbff493a364633bfd0ff402a1ce205956c94ca", size = 17842, upload-time = "2024-08-10T20:01:02.308Z" },
    { url = "https://files.pythonhosted.org/packages/01/e5/5209be64858f9d7f9861f03ed5662491642d8d31b51a6a8495f084869386/glcontext-3.0.0-pp310-pypy310_pp73-manylinux_2_5_x86_64.manylinux1_x86_64.manylinux_2_17_x86_64.manylinux2014_x86_64.whl", hash = "sha256:d467cce2dac8c3928847e90310eb6bdfdfa69f8df39b76a74734046faa15e688", size = 17226, upload-time = "2024-08-10T20:01:03.362Z" },
    { url = "https://files.pythonhosted.org/packages/06/cb/0995eef99e56394b93bea3aa20bc269ae09125b66c0b7c1e3338f44c93cb/glcontext-3.0.0-pp310-pypy310_pp73-win_amd64.whl", hash = "sha256:2b0c5240125d75498a8f14596484233e4effe98a6a035f566872dd2fdf472ceb", size = 12988, upload-time = "2024-08-10T20:01:04.728Z" },
]

[[package]]
name = "moderngl"
version = "5.12.0"
source = { registry = "https://pypi.org/simple" }
dependencies = [
    { name = "glcontext" },
]
sdist = { url = "https://files.pythonhosted.org/packages/da/52/540e2f8c45060bb2709f56eb5a44ae828dfcc97ccecb342c1a7deb467889/moderngl-5.12.0.tar.gz", hash = "sha256:52936a98ccb2f2e1d6e3cb18528b2919f6831e7e3f924e788b5873badce5129b", size = 193232, upload-time = "2024-10-17T12:36:28.002Z" }
wheels = [
    { url = "https://files.pythonhosted.org/packages/5d/4b/988c5f4ef55bf0c62a0b63a4b32fe6d6dd755d12f5951e8fd56e8a30d3f6/moderngl-5.12.0-cp310-cp310-macosx_10_9_x86_64.whl", hash = "sha256:105cdee2ee29a7e6ebbc76cf178941503656a185c6945933bc7ef395ba8e65a7", size = 111803, upload-time = "2024-10-17T12:36:34.271Z" },
    { url = "https://files.pythonhosted.org/packages/97/40/272d38d9d096d591db08e4aa1c983a8ed34cd1717b6524a88539b0df4341/moderngl-5.12.0-cp310-cp310-macosx_11_0_arm64.whl", hash = "sha256:18deb8bebd0a4277d92c76dbedf8e4b4b68bf0a8a878404c6b26aed750890d3b", size = 109223, upload-time = "2024-10-17T12:36:35.957Z" },
    { url = "https://files.pythonhosted.org/packages/e4/5c/a6f2743c8ae1c95cd6531510bf76fa6be650a5e0a1dffdf138b5ed186f61/moderngl-5.12.0-cp310-cp310-manylinux_2_17_x86_64.manylinux2014_x86_64.whl", hash = "sha256:8f0c4f7c42425177168938386a4fabd734ca3bbb5de2d1fd1176cfa6f980fc13", size = 291432, upload-time = "2024-10-17T12:36:37.122Z" },
    { url = "https://files.pythonhosted.org/packages/2b/2d/b6bfc4fe7df343a4f410030dbd8261566282049e56e9ffc3cbd2e626656e/moderngl-5.12.0-cp310-cp310-manylinux_2_5_i686.manylinux1_i686.manylinux_2_17_i686.manylinux2014_i686.whl", hash = "sha256:878cdf593204d85c020305f21d306f979353a67c932b9df58ea936f6e5ad13e7", size = 265422, upload-time = "2024-10-17T12:36:38.767Z" },
    { url = "https://files.pythonhosted.org/packages/3a/ae/35f8f4c833aca90870110509dddad641f5adf9597da15b3c9e7c75db319f/moderngl-5.12.0-cp310-cp310-musllinux_1_2_i686.whl", hash = "sha256:00d94f9cb485d87c85088edad624201e152d8ac401793a024b16cd9e2bc4dbf6", size = 1342266, upload-time = "2024-10-17T12:36:40.405Z" },
    { url = "https://files.pythonhosted.org/packages/b9/4b/2e0b6d0e8a5273da93ed82c8eb91b54a37413b1b9d65bb223d67b595fc96/moderngl-5.12.0-cp310-cp310-musllinux_1_2_x86_64.whl", hash = "sha256:edd91057b8d76beebac0d7b0c741466ee8f37eaf3c07856785c2872afe0b35ac", size = 1270055, upload-time = "2024-10-17T12:36:42.243Z" },
    { url = "https://files.pythonhosted.org/packages/48/2f/b590f86d42630fbbaffd83f1890ef6278ec12d5cb336b6a2efcbb3c2ca21/moderngl-5.12.0-cp310-cp310-win32.whl", hash = "sha256:3d066eae2eb44e81bd7addf565adebc041bdee119e7ac6e4f95831d6f327a938", size = 101044, upload-time = "2024-10-17T12:36:43.94Z" },
    { url = "https://files.pythonhosted.org/packages/9c/6d/f9b77797d3a0f3e5b67a75092c6c63b26360042fd8e43be017c706e308a8/moderngl-5.12.0-cp310-cp310-win_amd64.whl", hash = "sha256:76d966194d51852f48c42a6e786a4520f1e1be5f93e2626423d673663422d559", size = 108272, upload-time = "2024-10-17T12:36:44.995Z" },
]

[[package]]
name = "numpy"
version = "1.26.1"
source = { registry = "https://pypi.org/simple" }
sdist = { url = "https://files.pythonhosted.org/packages/78/23/f78fd8311e0f710fe1d065d50b92ce0057fe877b8ed7fd41b28ad6865bfc/numpy-1.26.1.tar.gz", hash = "sha256:c8c6c72d4a9f831f328efb1312642a1cafafaa88981d9ab76368d50d07d93cbe", size = 15651806, upload-time = "2023-10-14T20:15:36.407Z" }
wheels = [
    { url = "https://files.pythonhosted.org/packages/34/11/055802bf85abbb61988e6313e8b0a85167ee0795fc2c6141ee5b539e7b11/numpy-1.26.1-cp310-cp310-macosx_10_9_x86_64.whl", hash = "sha256:82e871307a6331b5f09efda3c22e03c095d957f04bf6bc1804f30048d0e5e7af", size = 20621341, upload-time = "2023-10-14T19:39:25.82Z" },
    { url = "https://files.pythonhosted.org/packages/e3/63/fd76159cb76c682171e3bf50ed0ee8704103035a9347684a2ec0914b84a1/numpy-1.26.1-cp310-cp310-macosx_11_0_arm64.whl", hash = "sha256:cdd9ec98f0063d93baeb01aad472a1a0840dee302842a2746a7a8e92968f9575", size = 13960979, upload-time = "2023-10-14T19:39:49.073Z" },
    { url = "https://files.pythonhosted.org/packages/a2/e0/008311a728bd77084b207840bbeb1e5e3a8412994851ec06856413ca7a7a/numpy-1.26.1-cp310-cp310-manylinux_2_17_aarch64.manylinux2014_aarch64.whl", hash = "sha256:d78f269e0c4fd365fc2992c00353e4530d274ba68f15e968d8bc3c69ce5f5244", size = 14169086, upload-time = "2023-10-14T19:40:11.508Z" },
    { url = "https://files.pythonhosted.org/packages/2d/5e/cb38e3d1916cc29880c84a9332a9122a8f49a7b57ec7aea63e0f678587a2/numpy-1.26.1-cp310-cp310-manylinux_2_17_x86_64.manylinux2014_x86_64.whl", hash = "sha256:8ab9163ca8aeb7fd32fe93866490654d2f7dda4e61bc6297bf72ce07fdc02f67", size = 18178951, upload-time = "2023-10-14T19:40:40.441Z" },
    { url = "https://files.pythonhosted.org/packages/b8/d9/58db30222fcfa35411d83150d313c5028680298ec8c69f85d0fcec4d4664/numpy-1.26.1-cp310-cp310-musllinux_1_1_x86_64.whl", hash = "sha256:78ca54b2f9daffa5f323f34cdf21e1d9779a54073f0018a3094ab907938331a2", size = 18016432, upload-time = "2023-10-14T19:41:08.368Z" },
    { url = "https://files.pythonhosted.org/packages/57/8f/7df6e01a44742088aacc985da04bbc2019575fe684b7b9d9057f4f0e22e0/numpy-1.26.1-cp310-cp310-win32.whl", hash = "sha256:d1cfc92db6af1fd37a7bb58e55c8383b4aa1ba23d012bdbba26b4bcca45ac297", size = 20757353, upload-time = "2023-10-14T19:41:40.163Z" },
    { url = "https://files.pythonhosted.org/packages/57/09/fe9282ffb0217176b0185900945189b6beaec4f94ff46afb76bcd9b68e30/numpy-1.26.1-cp310-cp310-win_amd64.whl", hash = "sha256:d2984cb6caaf05294b8466966627e80bf6c7afd273279077679cb010acb0e5ab", size = 15797631, upload-time = "2023-10-14T19:42:05.418Z" },
]

[[package]]
name = "opencv-python"
version = "4.11.0.86"
source = { registry = "https://pypi.org/simple" }
dependencies = [
    { name = "numpy" },
]
sdist = { url = "https://files.pythonhosted.org/packages/17/06/68c27a523103dad5837dc5b87e71285280c4f098c60e4fe8a8db6486ab09/opencv-python-4.11.0.86.tar.gz", hash = "sha256:03d60ccae62304860d232272e4a4fda93c39d595780cb40b161b310244b736a4", size = 95171956, upload-time = "2025-01-16T13:52:24.737Z" }
wheels = [
    { url = "https://files.pythonhosted.org/packages/05/4d/53b30a2a3ac1f75f65a59eb29cf2ee7207ce64867db47036ad61743d5a23/opencv_python-4.11.0.86-cp37-abi3-macosx_13_0_arm64.whl", hash = "sha256:432f67c223f1dc2824f5e73cdfcd9db0efc8710647d4e813012195dc9122a52a", size = 37326322, upload-time = "2025-01-16T13:52:25.887Z" },
    { url = "https://files.pythonhosted.org/packages/3b/84/0a67490741867eacdfa37bc18df96e08a9d579583b419010d7f3da8ff503/opencv_python-4.11.0.86-cp37-abi3-macosx_13_0_x86_64.whl", hash = "sha256:9d05ef13d23fe97f575153558653e2d6e87103995d54e6a35db3f282fe1f9c66", size = 56723197, upload-time = "2025-01-16T13:55:21.222Z" },
    { url = "https://files.pythonhosted.org/packages/f3/bd/29c126788da65c1fb2b5fb621b7fed0ed5f9122aa22a0868c5e2c15c6d23/opencv_python-4.11.0.86-cp37-abi3-manylinux_2_17_aarch64.manylinux2014_aarch64.whl", hash = "sha256:1b92ae2c8852208817e6776ba1ea0d6b1e0a1b5431e971a2a0ddd2a8cc398202", size = 42230439, upload-time = "2025-01-16T13:51:35.822Z" },
    { url = "https://files.pythonhosted.org/packages/2c/8b/90eb44a40476fa0e71e05a0283947cfd74a5d36121a11d926ad6f3193cc4/opencv_python-4.11.0.86-cp37-abi3-manylinux_2_17_x86_64.manylinux2014_x86_64.whl", hash = "sha256:6b02611523803495003bd87362db3e1d2a0454a6a63025dc6658a9830570aa0d", size = 62986597, upload-time = "2025-01-16T13:52:08.836Z" },
    { url = "https://files.pythonhosted.org/packages/fb/d7/1d5941a9dde095468b288d989ff6539dd69cd429dbf1b9e839013d21b6f0/opencv_python-4.11.0.86-cp37-abi3-win32.whl", hash = "sha256:810549cb2a4aedaa84ad9a1c92fbfdfc14090e2749cedf2c1589ad8359aa169b", size = 29384337, upload-time = "2025-01-16T13:52:13.549Z" },
    { url = "https://files.pythonhosted.org/packages/a4/7d/f1c30a92854540bf789e9cd5dde7ef49bbe63f855b85a2e6b3db8135c591/opencv_python-4.11.0.86-cp37-abi3-win_amd64.whl", hash = "sha256:085ad9b77c18853ea66283e98affefe2de8cc4c1f43eda4c100cf9b2721142ec", size = 39488044, upload-time = "2025-01-16T13:52:21.928Z" },
]

[[package]]
name = "optical-flow-gym"
version = "0.1.0"
source = { editable = "." }
dependencies = [
    { name = "moderngl" },
    { name = "numpy" },
    { name = "opencv-python" },
    { name = "pyside6" },
    { name = "pyyaml" },
]

[package.metadata]
requires-dist = [
    { name = "moderngl", specifier = ">=5.12.0" },
    { name = "numpy", specifier = "==1.26.1" },
    { name = "opencv-python", specifier = ">=4.11.0.86" },
    { name = "pyside6", specifier = "==6.8.0.2" },
    { name = "pyyaml" },
]

[[package]]
name = "pyside6"
version = "6.8.0.2"
source = { registry = "https://pypi.org/simple" }
dependencies = [
    { name = "pyside6-addons" },
    { name = "pyside6-essentials" },
    { name = "shiboken6" },
]
wheels = [
    { url = "https://files.pythonhosted.org/packages/04/8c/2529634d9c6284db1fe7ea12688d5a43ce7abaaba5f5b45c23b2634b1fde/PySide6-6.8.0.2-cp39-abi3-macosx_12_0_universal2.whl", hash = "sha256:cecc6ce1da6cb04542ff5a0887734f63e6ecf54258d1786285b9c7904abd9b01", size = 554051, upload-time = "2024-10-24T12:08:20.348Z" },
    { url = "https://files.pythonhosted.org/packages/be/fb/508b0dd3f88e6bce7be4a9650801434319d563d9f04c439564f09cdb1238/PySide6-6.8.0.2-cp39-abi3-manylinux_2_28_x86_64.whl", hash = "sha256:3258f3c63dc5053b8d5b8d2588caca8bb3a36e2f74413511e4676df0e73b6f1e", size = 554194, upload-time = "2024-10-24T12:08:23.088Z" },
    { url = "https://files.pythonhosted.org/packages/99/1d/d96496aae8de2b14d372a1e46d06c7f355291c1f3cdd7f90ef48c7d88373/PySide6-6.8.0.2-cp39-abi3-manylinux_2_31_aarch64.whl", hash = "sha256:6a25cf784f978fa2a23b4d089970b27ebe14d26adcaf38b2819cb04483de4ce9", size = 554326, upload-time = "2024-10-24T12:08:25.324Z" },
    { url = "https://files.pythonhosted.org/packages/e2/94/33bad8ce9c6431325fa4b30e023fcc5ea04a77520f3c08ac184f74c3e218/PySide6-6.8.0.2-cp39-abi3-win_amd64.whl", hash = "sha256:3e8fffca9a934e30c07c3f34bb572f84bfcf02385acbc715e65fbdd9746ecc2b", size = 560103, upload-time = "2024-10-24T12:08:27.481Z" },
]

[[package]]
name = "pyside6-addons"
version = "6.8.0.2"
source = { registry = "https://pypi.org/simple" }
dependencies = [
    { name = "pyside6-essentials" },
    { name = "shiboken6" },
]
wheels = [
    { url = "https://files.pythonhosted.org/packages/d1/a3/f44f6ad700a8534cbbb9f72a1cd203417890424ad59920bab76111fc524d/PySide6_Addons-6.8.0.2-cp39-abi3-macosx_12_0_universal2.whl", hash = "sha256:30c9ca570dd18ffbfd34ee95e0a319c34313a80425c4011d6ccc9f4cca0dc4c8", size = 302011435, upload-time = "2024-10-24T12:04:21.838Z" },
    { url = "https://files.pythonhosted.org/packages/0d/1f/50366475ec3129a25f1ffc25cbe0d2c7af71d285abf29b659ca5a2e6a87a/PySide6_Addons-6.8.0.2-cp39-abi3-manylinux_2_28_x86_64.whl", hash = "sha256:754a9822ab2dc313f9998edef69d8a12bc9fd61727543f8d30806ed272ae1e52", size = 143714688, upload-time = "2024-10-24T12:04:41.828Z" },
    { url = "https://files.pythonhosted.org/packages/cc/10/5f494352be48c8c419992c9974bd4f2168c9f99f58a7dad63dc2382396c1/PySide6_Addons-6.8.0.2-cp39-abi3-manylinux_2_31_aarch64.whl", hash = "sha256:553f3fa412f423929b5cd8b7d43fd5f02161851f10a438174a198b0f1a044df7", size = 128861616, upload-time = "2024-10-24T12:04:57.69Z" },
    { url = "https://files.pythonhosted.org/packages/e1/bb/c606032e9dbe5674c1d234ca3cc5679446f37cdbb555a82d6adc3941c0a7/PySide6_Addons-6.8.0.2-cp39-abi3-win_amd64.whl", hash = "sha256:ae4377a3e10fe720a9119677b31d8de13e2a5221c06b332df045af002f5f4c3d", size = 127835078, upload-time = "2024-10-24T12:05:10.804Z" },
]

[[package]]
name = "pyside6-essentials"
version = "6.8.0.2"
source = { registry = "https://pypi.org/simple" }
dependencies = [
    { name = "shiboken6" },
]
wheels = [
    { url = "https://files.pythonhosted.org/packages/1e/57/3210660aff9436429cb2709ed7bdf1808b075f8f6ed47853160e56903621/PySide6_Essentials-6.8.0.2-cp39-abi3-macosx_12_0_universal2.whl", hash = "sha256:3df4ed75bbb74d74ac338b330819b1a272e7f5cec206765c7176a197c8bc9c79", size = 164669671, upload-time = "2024-10-24T12:07:31.368Z" },
    { url = "https://files.pythonhosted.org/packages/34/72/6ef2f32e5ae5681cdd10cc7e627c453fcd389889fbc6a76d4e400a27af87/PySide6_Essentials-6.8.0.2-cp39-abi3-manylinux_2_28_x86_64.whl", hash = "sha256:7df6d6c1da4858dbdea77c74d7270d9c68e8d1bbe3362892abd1a5ade3815a50", size = 95184060, upload-time = "2024-10-24T12:07:42.215Z" },
    { url = "https://files.pythonhosted.org/packages/6f/ee/9023d3851054db24c28312744de8bdb80dcf8de20bd583b6520da416484f/PySide6_Essentials-6.8.0.2-cp39-abi3-manylinux_2_31_aarch64.whl", hash = "sha256:cf490145d18812a6cff48b0b0afb0bfaf7066744bfbd09eb071c3323f1d6d00d", size = 92322477, upload-time = "2024-10-24T12:07:53.078Z" },
    { url = "https://files.pythonhosted.org/packages/c7/24/57b5b10b4c641bf26e5fda3d71e2e14cbc796b334ef566b017d7b58c13cd/PySide6_Essentials-6.8.0.2-cp39-abi3-win_amd64.whl", hash = "sha256:d2f029b8c9f0106f57b26aa8c435435d7f509c80525075343e07177b283f862e", size = 72518805, upload-time = "2024-10-24T12:08:03.274Z" },
]

[[package]]
name = "pyyaml"
version = "6.0.3"
source = { registry = "https://pypi.org/simple" }
sdist = { url = "https://files.pythonhosted.org/packages/05/8e/961c0007c59b8dd7729d542c61a4d537767a59645b82a0b521206e1e25c2/pyyaml-6.0.3.tar.gz", hash = "sha256:d76623373421df22fb4cf8817020cbb7ef15c725b9d5e45f17e189bfc384190f", size = 130960, upload-time = "2025-09-25T21:33:16.546Z" }
wheels = [
    { url = "https://files.pythonhosted.org/packages/f4/a0/39350dd17dd6d6c6507025c0e53aef67a9293a6d37d3511f23ea510d5800/pyyaml-6.0.3-cp310-cp310-macosx_10_13_x86_64.whl", hash = "sha256:214ed4befebe12df36bcc8bc2b64b396ca31be9304b8f59e25c11cf94a4c033b", size = 184227, upload-time = "2025-09-25T21:31:46.04Z" },
    { url = "https://files.pythonhosted.org/packages/05/14/52d505b5c59ce73244f59c7a50ecf47093ce4765f116cdb98286a71eeca2/pyyaml-6.0.3-cp310-cp310-macosx_11_0_arm64.whl", hash = "sha256:02ea2dfa234451bbb8772601d7b8e426c2bfa197136796224e50e35a78777956", size = 174019, upload-time = "2025-09-25T21:31:47.706Z" },
    { url = "https://files.pythonhosted.org/packages/43/f7/0e6a5ae5599c838c696adb4e6330a59f463265bfa1e116cfd1fbb0abaaae/pyyaml-6.0.3-cp310-cp310-manylinux2014_aarch64.manylinux_2_17_aarch64.manylinux_2_28_aarch64.whl", hash = "sha256:b30236e45cf30d2b8e7b3e85881719e98507abed1011bf463a8fa23e9c3e98a8", size = 740646, upload-time = "2025-09-25T21:31:49.21Z" },
    { url = "https://files.pythonhosted.org/packages/2f/3a/61b9db1d28f00f8fd0ae760459a5c4bf1b941baf714e207b6eb0657d2578/pyyaml-6.0.3-cp310-cp310-manylinux2014_s390x.manylinux_2_17_s390x.manylinux_2_28_s390x.whl", hash = "sha256:66291b10affd76d76f54fad28e22e51719ef9ba22b29e1d7d03d6777a9174198", size = 840793, upload-time = "2025-09-25T21:31:50.735Z" },
    { url = "https://files.pythonhosted.org/packages/7a/1e/7acc4f0e74c4b3d9531e24739e0ab832a5edf40e64fbae1a9c01941cabd7/pyyaml-6.0.3-cp310-cp310-manylinux2014_x86_64.manylinux_2_17_x86_64.manylinux_2_28_x86_64.whl", hash = "sha256:9c7708761fccb9397fe64bbc0395abcae8c4bf7b0eac081e12b809bf47700d0b", size = 770293, upload-time = "2025-09-25T21:31:51.828Z" },
    { url = "https://files.pythonhosted.org/packages/8b/ef/abd085f06853af0cd59fa5f913d61a8eab65d7639ff2a658d18a25d6a89d/pyyaml-6.0.3-cp310-cp310-musllinux_1_2_aarch64.whl", hash = "sha256:418cf3f2111bc80e0933b2cd8cd04f286338bb88bdc7bc8e6dd775ebde60b5e0", size = 732872, upload-time = "2025-09-25T21:31:53.282Z" },
    { url = "https://files.pythonhosted.org/packages/1f/15/2bc9c8faf6450a8b3c9fc5448ed869c599c0a74ba2669772b1f3a0040180/pyyaml-6.0.3-cp310-cp310-musllinux_1_2_x86_64.whl", hash = "sha256:5e0b74767e5f8c593e8c9b5912019159ed0533c70051e9cce3e8b6aa699fcd69", size = 758828, upload-time = "2025-09-25T21:31:54.807Z" },
    { url = "https://files.pythonhosted.org/packages/a3/00/531e92e88c00f4333ce359e50c19b8d1de9fe8d581b1534e35ccfbc5f393/pyyaml-6.0.3-cp310-cp310-win32.whl", hash = "sha256:28c8d926f98f432f88adc23edf2e6d4921ac26fb084b028c733d01868d19007e", size = 142415, upload-time = "2025-09-25T21:31:55.885Z" },
    { url = "https://files.pythonhosted.org/packages/2a/fa/926c003379b19fca39dd4634818b00dec6c62d87faf628d1394e137354d4/pyyaml-6.0.3-cp310-cp310-win_amd64.whl", hash = "sha256:bdb2c67c6c1390b63c6ff89f210c8fd09d9a1217a465701eac7316313c915e4c", size = 158561, upload-time = "2025-09-25T21:31:57.406Z" },
]

[[package]]
name = "shiboken6"
version = "6.8.0.2"
source = { registry = "https://pypi.org/simple" }
wheels = [
    { url = "https://files.pythonhosted.org/packages/d7/7b/3b0b541293a0296534da1a40b422b2323b67103367b1a1c704867d325ef8/shiboken6-6.8.0.2-cp39-abi3-macosx_12_0_universal2.whl", hash = "sha256:9019e1fcfeed8bb350222e981748ef05a2fec11e31ddf616657be702f0b7a468", size = 394561, upload-time = "2024-10-24T12:06:53.011Z" },
    { url = "https://files.pythonhosted.org/packages/42/73/6344e02a6734e17a86c5781df41293fa15245e4d7454992c1d82e77d49a9/shiboken6-6.8.0.2-cp39-abi3-manylinux_2_28_x86_64.whl", hash = "sha256:fa7d411c3c67b4296847b3f5f572268e219d947d029ff9d8bce72fe6982d92bc", size = 200711, upload-time = "2024-10-24T12:06:54.725Z" },
    { url = "https://files.pythonhosted.org/packages/13/cd/e9a6d0aa8794f777627a9fb3cffed0ac8449881b33e2325b5bcff10c36bc/shiboken6-6.8.0.2-cp39-abi3-manylinux_2_31_aarch64.whl", hash = "sha256:1aaa8b7f9138818322ef029b2c487d1c6e00dc3f53084e62e1d11bdea47e47c2", size = 189864, upload-time = "2024-10-24T12:06:56.563Z" },
    { url = "https://files.pythonhosted.org/packages/46/1f/4323ee8fdca5c441b349cd5569934d53a1fd9e3695d53089e18e20ef3611/shiboken6-6.8.0.2-cp39-abi3-win_amd64.whl", hash = "sha256:b11e750e696bb565d897e0f5836710edfb86bd355f87b09988bd31b2aad404d3", size = 1146649, upload-time = "2024-10-24T12:06:58.305Z" },
]
